
Microsoft Visual Studio Solution File, Format Version 12.00
# Visual Studio Version 17
VisualStudioVersion = 17.2.32516.85
MinimumVisualStudioVersion = 10.0.40219.1
Project("{9A19103F-16F7-4668-BE54-9A1E7A4F7556}") = "MarketProject.CustomerAccountService.Api", "MarketProject.CustomerAccountService.Api\MarketProject.CustomerAccountService.Api.csproj", "{5B476910-20BE-494A-BFEF-6ADD92D9D935}"
EndProject
Project("{9A19103F-16F7-4668-BE54-9A1E7A4F7556}") = "MarketProject.CustomerAccountService.Domain", "MarketProject.CustomerAccountService.Domain\MarketProject.CustomerAccountService.Domain.csproj", "{F142F39A-A7ED-4A2F-BE38-88FBFCE28D2D}"
EndProject
Project("{9A19103F-16F7-4668-BE54-9A1E7A4F7556}") = "MarketProject.CustomerAccountService.Application", "MarketProject.CustomerAccountService.Application\MarketProject.CustomerAccountService.Application.csproj", "{1D444170-20EF-427F-82B3-6FBEC111FB72}"
EndProject
Project("{9A19103F-16F7-4668-BE54-9A1E7A4F7556}") = "MarketProject.CustomerAccountService.Persistence", "MarketProject.CustomerAccountService.Persistence\MarketProject.CustomerAccountService.Persistence.csproj", "{EB576EB4-425C-4EF6-A41F-62CF1EDAA5AA}"
EndProject
Project("{9A19103F-16F7-4668-BE54-9A1E7A4F7556}") = "MarketProject.CustomerAccountService.Tests", "MarketProject.CustomerAccountService.Tests\MarketProject.CustomerAccountService.Tests.csproj", "{66E7CC2C-1A2F-4948-AA58-D89E7E9F14EE}"
EndProject
Project("{FAE04EC0-301F-11D3-BF4B-00C04F79EFBC}") = "MarketProject.CustomerAccountService.Common", "MarketProject.CustomerAccountService.Common\MarketProject.CustomerAccountService.Common.csproj", "{0D545751-98AD-473A-87AD-FA3EEFD4EEF9}"
EndProject
Global
	GlobalSection(SolutionConfigurationPlatforms) = preSolution
		Debug|Any CPU = Debug|Any CPU
		Release|Any CPU = Release|Any CPU
	EndGlobalSection
	GlobalSection(ProjectConfigurationPlatforms) = postSolution
		{5B476910-20BE-494A-BFEF-6ADD92D9D935}.Debug|Any CPU.ActiveCfg = Debug|Any CPU
		{5B476910-20BE-494A-BFEF-6ADD92D9D935}.Debug|Any CPU.Build.0 = Debug|Any CPU
		{5B476910-20BE-494A-BFEF-6ADD92D9D935}.Release|Any CPU.ActiveCfg = Release|Any CPU
		{5B476910-20BE-494A-BFEF-6ADD92D9D935}.Release|Any CPU.Build.0 = Release|Any CPU
		{F142F39A-A7ED-4A2F-BE38-88FBFCE28D2D}.Debug|Any CPU.ActiveCfg = Debug|Any CPU
		{F142F39A-A7ED-4A2F-BE38-88FBFCE28D2D}.Debug|Any CPU.Build.0 = Debug|Any CPU
		{F142F39A-A7ED-4A2F-BE38-88FBFCE28D2D}.Release|Any CPU.ActiveCfg = Release|Any CPU
		{F142F39A-A7ED-4A2F-BE38-88FBFCE28D2D}.Release|Any CPU.Build.0 = Release|Any CPU
		{1D444170-20EF-427F-82B3-6FBEC111FB72}.Debug|Any CPU.ActiveCfg = Debug|Any CPU
		{1D444170-20EF-427F-82B3-6FBEC111FB72}.Debug|Any CPU.Build.0 = Debug|Any CPU
		{1D444170-20EF-427F-82B3-6FBEC111FB72}.Release|Any CPU.ActiveCfg = Release|Any CPU
		{1D444170-20EF-427F-82B3-6FBEC111FB72}.Release|Any CPU.Build.0 = Release|Any CPU
		{EB576EB4-425C-4EF6-A41F-62CF1EDAA5AA}.Debug|Any CPU.ActiveCfg = Debug|Any CPU
		{EB576EB4-425C-4EF6-A41F-62CF1EDAA5AA}.Debug|Any CPU.Build.0 = Debug|Any CPU
		{EB576EB4-425C-4EF6-A41F-62CF1EDAA5AA}.Release|Any CPU.ActiveCfg = Release|Any CPU
		{EB576EB4-425C-4EF6-A41F-62CF1EDAA5AA}.Release|Any CPU.Build.0 = Release|Any CPU
		{66E7CC2C-1A2F-4948-AA58-D89E7E9F14EE}.Debug|Any CPU.ActiveCfg = Debug|Any CPU
		{66E7CC2C-1A2F-4948-AA58-D89E7E9F14EE}.Debug|Any CPU.Build.0 = Debug|Any CPU
		{66E7CC2C-1A2F-4948-AA58-D89E7E9F14EE}.Release|Any CPU.ActiveCfg = Release|Any CPU
		{66E7CC2C-1A2F-4948-AA58-D89E7E9F14EE}.Release|Any CPU.Build.0 = Release|Any CPU
		{0D545751-98AD-473A-87AD-FA3EEFD4EEF9}.Debug|Any CPU.ActiveCfg = Debug|Any CPU
		{0D545751-98AD-473A-87AD-FA3EEFD4EEF9}.Debug|Any CPU.Build.0 = Debug|Any CPU
		{0D545751-98AD-473A-87AD-FA3EEFD4EEF9}.Release|Any CPU.ActiveCfg = Release|Any CPU
		{0D545751-98AD-473A-87AD-FA3EEFD4EEF9}.Release|Any CPU.Build.0 = Release|Any CPU
	EndGlobalSection
	GlobalSection(SolutionProperties) = preSolution
		HideSolutionNode = FALSE
	EndGlobalSection
	GlobalSection(ExtensibilityGlobals) = postSolution
		SolutionGuid = {B347FF5E-F455-4F5D-BC7A-6BBAF82804CD}
	EndGlobalSection
EndGlobal
